
Microsoft Visual Studio Solution File, Format Version 11.00
# Visual Studio 2010
Project("{159641D6-6404-4A2A-AE62-294DE0FE8301}") = "temp", "temp\temp.dtproj", "{441DC662-FEA9-43B3-B998-3771C8CAFD77}"
EndProject
Global
	GlobalSection(SolutionConfigurationPlatforms) = preSolution
		Development|Default = Development|Default
	EndGlobalSection
	GlobalSection(ProjectConfigurationPlatforms) = postSolution
		{441DC662-FEA9-43B3-B998-3771C8CAFD77}.Development|Default.ActiveCfg = Development
		{441DC662-FEA9-43B3-B998-3771C8CAFD77}.Development|Default.Build.0 = Development
	EndGlobalSection
	GlobalSection(SolutionProperties) = preSolution
		HideSolutionNode = FALSE
	EndGlobalSection
EndGlobal
