
Microsoft Visual Studio Solution File, Format Version 11.00
# Visual Studio 2010
Project("{D2ABAB84-BF74-430A-B69E-9DC6D40DDA17}") = "dimTimeMyCalendar", "dimTimeMyCalendar\dimTimeMyCalendar.dwproj", "{DC781ADC-3CD7-46BE-9933-E7BEA9732896}"
EndProject
Global
	GlobalSection(SolutionConfigurationPlatforms) = preSolution
		Development|Default = Development|Default
	EndGlobalSection
	GlobalSection(ProjectConfigurationPlatforms) = postSolution
		{DC781ADC-3CD7-46BE-9933-E7BEA9732896}.Development|Default.ActiveCfg = Development
		{DC781ADC-3CD7-46BE-9933-E7BEA9732896}.Development|Default.Build.0 = Development
		{DC781ADC-3CD7-46BE-9933-E7BEA9732896}.Development|Default.Deploy.0 = Development
	EndGlobalSection
	GlobalSection(SolutionProperties) = preSolution
		HideSolutionNode = FALSE
	EndGlobalSection
EndGlobal
